
Microsoft Visual Studio Solution File, Format Version 12.00
# Visual Studio Version 17
VisualStudioVersion = 17.0.31903.59
MinimumVisualStudioVersion = 10.0.40219.1
Project("{FAE04EC0-301F-11D3-BF4B-00C04F79EFBC}") = "library", "library\library.csproj", "{5E9687BE-DF33-4EF7-82D4-C3A6FBCF1018}"
EndProject
Project("{FAE04EC0-301F-11D3-BF4B-00C04F79EFBC}") = "tests", "tests\tests.csproj", "{8D7CABE5-0497-4A74-9889-80BAC960EB00}"
EndProject
Project("{FAE04EC0-301F-11D3-BF4B-00C04F79EFBC}") = "BlazorServerWebSimulation", "BlazorServerWebSimulation\BlazorServerWebSimulation.csproj", "{59ED65ED-475C-4864-B4BD-019DB2636BCF}"
EndProject
Project("{FAE04EC0-301F-11D3-BF4B-00C04F79EFBC}") = "RaftWeb", "RaftWeb\RaftWeb.csproj", "{321323B8-4E28-400C-93AE-263B8774006F}"
EndProject
Global
	GlobalSection(SolutionConfigurationPlatforms) = preSolution
		Debug|Any CPU = Debug|Any CPU
		Release|Any CPU = Release|Any CPU
	EndGlobalSection
	GlobalSection(ProjectConfigurationPlatforms) = postSolution
		{5E9687BE-DF33-4EF7-82D4-C3A6FBCF1018}.Debug|Any CPU.ActiveCfg = Debug|Any CPU
		{5E9687BE-DF33-4EF7-82D4-C3A6FBCF1018}.Debug|Any CPU.Build.0 = Debug|Any CPU
		{5E9687BE-DF33-4EF7-82D4-C3A6FBCF1018}.Release|Any CPU.ActiveCfg = Release|Any CPU
		{5E9687BE-DF33-4EF7-82D4-C3A6FBCF1018}.Release|Any CPU.Build.0 = Release|Any CPU
		{8D7CABE5-0497-4A74-9889-80BAC960EB00}.Debug|Any CPU.ActiveCfg = Debug|Any CPU
		{8D7CABE5-0497-4A74-9889-80BAC960EB00}.Debug|Any CPU.Build.0 = Debug|Any CPU
		{8D7CABE5-0497-4A74-9889-80BAC960EB00}.Release|Any CPU.ActiveCfg = Release|Any CPU
		{8D7CABE5-0497-4A74-9889-80BAC960EB00}.Release|Any CPU.Build.0 = Release|Any CPU
		{59ED65ED-475C-4864-B4BD-019DB2636BCF}.Debug|Any CPU.ActiveCfg = Debug|Any CPU
		{59ED65ED-475C-4864-B4BD-019DB2636BCF}.Debug|Any CPU.Build.0 = Debug|Any CPU
		{59ED65ED-475C-4864-B4BD-019DB2636BCF}.Release|Any CPU.ActiveCfg = Release|Any CPU
		{59ED65ED-475C-4864-B4BD-019DB2636BCF}.Release|Any CPU.Build.0 = Release|Any CPU
		{321323B8-4E28-400C-93AE-263B8774006F}.Debug|Any CPU.ActiveCfg = Debug|Any CPU
		{321323B8-4E28-400C-93AE-263B8774006F}.Debug|Any CPU.Build.0 = Debug|Any CPU
		{321323B8-4E28-400C-93AE-263B8774006F}.Release|Any CPU.ActiveCfg = Release|Any CPU
		{321323B8-4E28-400C-93AE-263B8774006F}.Release|Any CPU.Build.0 = Release|Any CPU
	EndGlobalSection
	GlobalSection(SolutionProperties) = preSolution
		HideSolutionNode = FALSE
	EndGlobalSection
EndGlobal
